
Microsoft Visual Studio Solution File, Format Version 12.00
# Visual Studio Version 16
VisualStudioVersion = 16.0.31112.23
MinimumVisualStudioVersion = 10.0.40219.1
Project("{FAE04EC0-301F-11D3-BF4B-00C04F79EFBC}") = "GarageApp.Android", "GarageApp.Android\GarageApp.Android.csproj", "{E4D199BA-F9E6-4213-ACAF-4F4275E1DF0B}"
EndProject
Project("{FAE04EC0-301F-11D3-BF4B-00C04F79EFBC}") = "GarageApp.iOS", "GarageApp.iOS\GarageApp.iOS.csproj", "{7F9A2214-509A-4CD5-8A45-63E703AE52C0}"
EndProject
Project("{9A19103F-16F7-4668-BE54-9A1E7A4F7556}") = "GarageApp", "GarageApp\GarageApp.csproj", "{F54F17C5-1811-489E-880D-6B01A7E2D74D}"
EndProject
Global
	GlobalSection(SolutionConfigurationPlatforms) = preSolution
		Debug|Any CPU = Debug|Any CPU
		Debug|ARM = Debug|ARM
		Debug|iPhone = Debug|iPhone
		Debug|iPhoneSimulator = Debug|iPhoneSimulator
		Debug|x64 = Debug|x64
		Debug|x86 = Debug|x86
		Release|Any CPU = Release|Any CPU
		Release|ARM = Release|ARM
		Release|iPhone = Release|iPhone
		Release|iPhoneSimulator = Release|iPhoneSimulator
		Release|x64 = Release|x64
		Release|x86 = Release|x86
	EndGlobalSection
	GlobalSection(ProjectConfigurationPlatforms) = postSolution
		{E4D199BA-F9E6-4213-ACAF-4F4275E1DF0B}.Debug|Any CPU.ActiveCfg = Debug|Any CPU
		{E4D199BA-F9E6-4213-ACAF-4F4275E1DF0B}.Debug|Any CPU.Build.0 = Debug|Any CPU
		{E4D199BA-F9E6-4213-ACAF-4F4275E1DF0B}.Debug|Any CPU.Deploy.0 = Debug|Any CPU
		{E4D199BA-F9E6-4213-ACAF-4F4275E1DF0B}.Debug|ARM.ActiveCfg = Debug|Any CPU
		{E4D199BA-F9E6-4213-ACAF-4F4275E1DF0B}.Debug|ARM.Build.0 = Debug|Any CPU
		{E4D199BA-F9E6-4213-ACAF-4F4275E1DF0B}.Debug|ARM.Deploy.0 = Debug|Any CPU
		{E4D199BA-F9E6-4213-ACAF-4F4275E1DF0B}.Debug|iPhone.ActiveCfg = Debug|Any CPU
		{E4D199BA-F9E6-4213-ACAF-4F4275E1DF0B}.Debug|iPhone.Build.0 = Debug|Any CPU
		{E4D199BA-F9E6-4213-ACAF-4F4275E1DF0B}.Debug|iPhone.Deploy.0 = Debug|Any CPU
		{E4D199BA-F9E6-4213-ACAF-4F4275E1DF0B}.Debug|iPhoneSimulator.ActiveCfg = Debug|Any CPU
		{E4D199BA-F9E6-4213-ACAF-4F4275E1DF0B}.Debug|iPhoneSimulator.Build.0 = Debug|Any CPU
		{E4D199BA-F9E6-4213-ACAF-4F4275E1DF0B}.Debug|iPhoneSimulator.Deploy.0 = Debug|Any CPU
		{E4D199BA-F9E6-4213-ACAF-4F4275E1DF0B}.Debug|x64.ActiveCfg = Debug|Any CPU
		{E4D199BA-F9E6-4213-ACAF-4F4275E1DF0B}.Debug|x64.Build.0 = Debug|Any CPU
		{E4D199BA-F9E6-4213-ACAF-4F4275E1DF0B}.Debug|x64.Deploy.0 = Debug|Any CPU
		{E4D199BA-F9E6-4213-ACAF-4F4275E1DF0B}.Debug|x86.ActiveCfg = Debug|Any CPU
		{E4D199BA-F9E6-4213-ACAF-4F4275E1DF0B}.Debug|x86.Build.0 = Debug|Any CPU
		{E4D199BA-F9E6-4213-ACAF-4F4275E1DF0B}.Debug|x86.Deploy.0 = Debug|Any CPU
		{E4D199BA-F9E6-4213-ACAF-4F4275E1DF0B}.Release|Any CPU.ActiveCfg = Release|Any CPU
		{E4D199BA-F9E6-4213-ACAF-4F4275E1DF0B}.Release|Any CPU.Build.0 = Release|Any CPU
		{E4D199BA-F9E6-4213-ACAF-4F4275E1DF0B}.Release|Any CPU.Deploy.0 = Release|Any CPU
		{E4D199BA-F9E6-4213-ACAF-4F4275E1DF0B}.Release|ARM.ActiveCfg = Release|Any CPU
		{E4D199BA-F9E6-4213-ACAF-4F4275E1DF0B}.Release|ARM.Build.0 = Release|Any CPU
		{E4D199BA-F9E6-4213-ACAF-4F4275E1DF0B}.Release|ARM.Deploy.0 = Release|Any CPU
		{E4D199BA-F9E6-4213-ACAF-4F4275E1DF0B}.Release|iPhone.ActiveCfg = Release|Any CPU
		{E4D199BA-F9E6-4213-ACAF-4F4275E1DF0B}.Release|iPhone.Build.0 = Release|Any CPU
		{E4D199BA-F9E6-4213-ACAF-4F4275E1DF0B}.Release|iPhone.Deploy.0 = Release|Any CPU
		{E4D199BA-F9E6-4213-ACAF-4F4275E1DF0B}.Release|iPhoneSimulator.ActiveCfg = Release|Any CPU
		{E4D199BA-F9E6-4213-ACAF-4F4275E1DF0B}.Release|iPhoneSimulator.Build.0 = Release|Any CPU
		{E4D199BA-F9E6-4213-ACAF-4F4275E1DF0B}.Release|iPhoneSimulator.Deploy.0 = Release|Any CPU
		{E4D199BA-F9E6-4213-ACAF-4F4275E1DF0B}.Release|x64.ActiveCfg = Release|Any CPU
		{E4D199BA-F9E6-4213-ACAF-4F4275E1DF0B}.Release|x64.Build.0 = Release|Any CPU
		{E4D199BA-F9E6-4213-ACAF-4F4275E1DF0B}.Release|x64.Deploy.0 = Release|Any CPU
		{E4D199BA-F9E6-4213-ACAF-4F4275E1DF0B}.Release|x86.ActiveCfg = Release|Any CPU
		{E4D199BA-F9E6-4213-ACAF-4F4275E1DF0B}.Release|x86.Build.0 = Release|Any CPU
		{E4D199BA-F9E6-4213-ACAF-4F4275E1DF0B}.Release|x86.Deploy.0 = Release|Any CPU
		{7F9A2214-509A-4CD5-8A45-63E703AE52C0}.Debug|Any CPU.ActiveCfg = Debug|iPhoneSimulator
		{7F9A2214-509A-4CD5-8A45-63E703AE52C0}.Debug|Any CPU.Build.0 = Debug|iPhoneSimulator
		{7F9A2214-509A-4CD5-8A45-63E703AE52C0}.Debug|Any CPU.Deploy.0 = Debug|iPhoneSimulator
		{7F9A2214-509A-4CD5-8A45-63E703AE52C0}.Debug|ARM.ActiveCfg = Debug|iPhone
		{7F9A2214-509A-4CD5-8A45-63E703AE52C0}.Debug|ARM.Build.0 = Debug|iPhone
		{7F9A2214-509A-4CD5-8A45-63E703AE52C0}.Debug|ARM.Deploy.0 = Debug|iPhone
		{7F9A2214-509A-4CD5-8A45-63E703AE52C0}.Debug|iPhone.ActiveCfg = Debug|iPhone
		{7F9A2214-509A-4CD5-8A45-63E703AE52C0}.Debug|iPhone.Build.0 = Debug|iPhone
		{7F9A2214-509A-4CD5-8A45-63E703AE52C0}.Debug|iPhone.Deploy.0 = Debug|iPhone
		{7F9A2214-509A-4CD5-8A45-63E703AE52C0}.Debug|iPhoneSimulator.ActiveCfg = Debug|iPhoneSimulator
		{7F9A2214-509A-4CD5-8A45-63E703AE52C0}.Debug|iPhoneSimulator.Build.0 = Debug|iPhoneSimulator
		{7F9A2214-509A-4CD5-8A45-63E703AE52C0}.Debug|iPhoneSimulator.Deploy.0 = Debug|iPhoneSimulator
		{7F9A2214-509A-4CD5-8A45-63E703AE52C0}.Debug|x64.ActiveCfg = Debug|iPhoneSimulator
		{7F9A2214-509A-4CD5-8A45-63E703AE52C0}.Debug|x64.Build.0 = Debug|iPhoneSimulator
		{7F9A2214-509A-4CD5-8A45-63E703AE52C0}.Debug|x64.Deploy.0 = Debug|iPhoneSimulator
		{7F9A2214-509A-4CD5-8A45-63E703AE52C0}.Debug|x86.ActiveCfg = Debug|iPhoneSimulator
		{7F9A2214-509A-4CD5-8A45-63E703AE52C0}.Debug|x86.Build.0 = Debug|iPhoneSimulator
		{7F9A2214-509A-4CD5-8A45-63E703AE52C0}.Debug|x86.Deploy.0 = Debug|iPhoneSimulator
		{7F9A2214-509A-4CD5-8A45-63E703AE52C0}.Release|Any CPU.ActiveCfg = Release|iPhoneSimulator
		{7F9A2214-509A-4CD5-8A45-63E703AE52C0}.Release|Any CPU.Build.0 = Release|iPhoneSimulator
		{7F9A2214-509A-4CD5-8A45-63E703AE52C0}.Release|Any CPU.Deploy.0 = Release|iPhoneSimulator
		{7F9A2214-509A-4CD5-8A45-63E703AE52C0}.Release|ARM.ActiveCfg = Release|iPhoneSimulator
		{7F9A2214-509A-4CD5-8A45-63E703AE52C0}.Release|ARM.Build.0 = Release|iPhoneSimulator
		{7F9A2214-509A-4CD5-8A45-63E703AE52C0}.Release|ARM.Deploy.0 = Release|iPhoneSimulator
		{7F9A2214-509A-4CD5-8A45-63E703AE52C0}.Release|iPhone.ActiveCfg = Release|iPhone
		{7F9A2214-509A-4CD5-8A45-63E703AE52C0}.Release|iPhone.Build.0 = Release|iPhone
		{7F9A2214-509A-4CD5-8A45-63E703AE52C0}.Release|iPhone.Deploy.0 = Release|iPhone
		{7F9A2214-509A-4CD5-8A45-63E703AE52C0}.Release|iPhoneSimulator.ActiveCfg = Release|iPhoneSimulator
		{7F9A2214-509A-4CD5-8A45-63E703AE52C0}.Release|iPhoneSimulator.Build.0 = Release|iPhoneSimulator
		{7F9A2214-509A-4CD5-8A45-63E703AE52C0}.Release|iPhoneSimulator.Deploy.0 = Release|iPhoneSimulator
		{7F9A2214-509A-4CD5-8A45-63E703AE52C0}.Release|x64.ActiveCfg = Release|iPhoneSimulator
		{7F9A2214-509A-4CD5-8A45-63E703AE52C0}.Release|x64.Build.0 = Release|iPhoneSimulator
		{7F9A2214-509A-4CD5-8A45-63E703AE52C0}.Release|x64.Deploy.0 = Release|iPhoneSimulator
		{7F9A2214-509A-4CD5-8A45-63E703AE52C0}.Release|x86.ActiveCfg = Release|iPhoneSimulator
		{7F9A2214-509A-4CD5-8A45-63E703AE52C0}.Release|x86.Build.0 = Release|iPhoneSimulator
		{7F9A2214-509A-4CD5-8A45-63E703AE52C0}.Release|x86.Deploy.0 = Release|iPhoneSimulator
		{F54F17C5-1811-489E-880D-6B01A7E2D74D}.Debug|Any CPU.ActiveCfg = Debug|Any CPU
		{F54F17C5-1811-489E-880D-6B01A7E2D74D}.Debug|Any CPU.Build.0 = Debug|Any CPU
		{F54F17C5-1811-489E-880D-6B01A7E2D74D}.Debug|Any CPU.Deploy.0 = Debug|Any CPU
		{F54F17C5-1811-489E-880D-6B01A7E2D74D}.Debug|ARM.ActiveCfg = Debug|Any CPU
		{F54F17C5-1811-489E-880D-6B01A7E2D74D}.Debug|ARM.Build.0 = Debug|Any CPU
		{F54F17C5-1811-489E-880D-6B01A7E2D74D}.Debug|ARM.Deploy.0 = Debug|Any CPU
		{F54F17C5-1811-489E-880D-6B01A7E2D74D}.Debug|iPhone.ActiveCfg = Debug|Any CPU
		{F54F17C5-1811-489E-880D-6B01A7E2D74D}.Debug|iPhone.Build.0 = Debug|Any CPU
		{F54F17C5-1811-489E-880D-6B01A7E2D74D}.Debug|iPhone.Deploy.0 = Debug|Any CPU
		{F54F17C5-1811-489E-880D-6B01A7E2D74D}.Debug|iPhoneSimulator.ActiveCfg = Debug|Any CPU
		{F54F17C5-1811-489E-880D-6B01A7E2D74D}.Debug|iPhoneSimulator.Build.0 = Debug|Any CPU
		{F54F17C5-1811-489E-880D-6B01A7E2D74D}.Debug|iPhoneSimulator.Deploy.0 = Debug|Any CPU
		{F54F17C5-1811-489E-880D-6B01A7E2D74D}.Debug|x64.ActiveCfg = Debug|Any CPU
		{F54F17C5-1811-489E-880D-6B01A7E2D74D}.Debug|x64.Build.0 = Debug|Any CPU
		{F54F17C5-1811-489E-880D-6B01A7E2D74D}.Debug|x64.Deploy.0 = Debug|Any CPU
		{F54F17C5-1811-489E-880D-6B01A7E2D74D}.Debug|x86.ActiveCfg = Debug|Any CPU
		{F54F17C5-1811-489E-880D-6B01A7E2D74D}.Debug|x86.Build.0 = Debug|Any CPU
		{F54F17C5-1811-489E-880D-6B01A7E2D74D}.Debug|x86.Deploy.0 = Debug|Any CPU
		{F54F17C5-1811-489E-880D-6B01A7E2D74D}.Release|Any CPU.ActiveCfg = Release|Any CPU
		{F54F17C5-1811-489E-880D-6B01A7E2D74D}.Release|Any CPU.Build.0 = Release|Any CPU
		{F54F17C5-1811-489E-880D-6B01A7E2D74D}.Release|Any CPU.Deploy.0 = Release|Any CPU
		{F54F17C5-1811-489E-880D-6B01A7E2D74D}.Release|ARM.ActiveCfg = Release|Any CPU
		{F54F17C5-1811-489E-880D-6B01A7E2D74D}.Release|ARM.Build.0 = Release|Any CPU
		{F54F17C5-1811-489E-880D-6B01A7E2D74D}.Release|ARM.Deploy.0 = Release|Any CPU
		{F54F17C5-1811-489E-880D-6B01A7E2D74D}.Release|iPhone.ActiveCfg = Release|Any CPU
		{F54F17C5-1811-489E-880D-6B01A7E2D74D}.Release|iPhone.Build.0 = Release|Any CPU
		{F54F17C5-1811-489E-880D-6B01A7E2D74D}.Release|iPhone.Deploy.0 = Release|Any CPU
		{F54F17C5-1811-489E-880D-6B01A7E2D74D}.Release|iPhoneSimulator.ActiveCfg = Release|Any CPU
		{F54F17C5-1811-489E-880D-6B01A7E2D74D}.Release|iPhoneSimulator.Build.0 = Release|Any CPU
		{F54F17C5-1811-489E-880D-6B01A7E2D74D}.Release|iPhoneSimulator.Deploy.0 = Release|Any CPU
		{F54F17C5-1811-489E-880D-6B01A7E2D74D}.Release|x64.ActiveCfg = Release|Any CPU
		{F54F17C5-1811-489E-880D-6B01A7E2D74D}.Release|x64.Build.0 = Release|Any CPU
		{F54F17C5-1811-489E-880D-6B01A7E2D74D}.Release|x64.Deploy.0 = Release|Any CPU
		{F54F17C5-1811-489E-880D-6B01A7E2D74D}.Release|x86.ActiveCfg = Release|Any CPU
		{F54F17C5-1811-489E-880D-6B01A7E2D74D}.Release|x86.Build.0 = Release|Any CPU
		{F54F17C5-1811-489E-880D-6B01A7E2D74D}.Release|x86.Deploy.0 = Release|Any CPU
	EndGlobalSection
	GlobalSection(SolutionProperties) = preSolution
		HideSolutionNode = FALSE
	EndGlobalSection
	GlobalSection(ExtensibilityGlobals) = postSolution
		SolutionGuid = {E05F47F2-9C12-46AA-9A47-F4E86308BBAF}
	EndGlobalSection
EndGlobal
